
Microsoft Visual Studio Solution File, Format Version 12.00
# Visual Studio 15
VisualStudioVersion = 15.0.28010.2046
MinimumVisualStudioVersion = 10.0.40219.1
Project("{FAE04EC0-301F-11D3-BF4B-00C04F79EFBC}") = "hier", "hier\hier.csproj", "{8E770E1C-DA26-472F-8ABA-BED8BB27FE96}"
EndProject
Global
	GlobalSection(SolutionConfigurationPlatforms) = preSolution
		Debug|Any CPU = Debug|Any CPU
		Release|Any CPU = Release|Any CPU
	EndGlobalSection
	GlobalSection(ProjectConfigurationPlatforms) = postSolution
		{8E770E1C-DA26-472F-8ABA-BED8BB27FE96}.Debug|Any CPU.ActiveCfg = Debug|Any CPU
		{8E770E1C-DA26-472F-8ABA-BED8BB27FE96}.Debug|Any CPU.Build.0 = Debug|Any CPU
		{8E770E1C-DA26-472F-8ABA-BED8BB27FE96}.Release|Any CPU.ActiveCfg = Release|Any CPU
		{8E770E1C-DA26-472F-8ABA-BED8BB27FE96}.Release|Any CPU.Build.0 = Release|Any CPU
	EndGlobalSection
	GlobalSection(SolutionProperties) = preSolution
		HideSolutionNode = FALSE
	EndGlobalSection
	GlobalSection(ExtensibilityGlobals) = postSolution
		SolutionGuid = {8EA93C8C-7B91-4899-BEAE-FA8E1C287DD9}
	EndGlobalSection
EndGlobal
